
Microsoft Visual Studio Solution File, Format Version 12.00
# Visual Studio Version 17
VisualStudioVersion = 17.8.34330.188
MinimumVisualStudioVersion = 10.0.40219.1
Project("{8BC9CEB8-8B4A-11D0-8D11-00A0C91BC942}") = "TestCode", "TestCode.vcxproj", "{9F254FA6-0335-4216-A743-E9D7187660FC}"
EndProject
Global
	GlobalSection(SolutionConfigurationPlatforms) = preSolution
		Debug|x64 = Debug|x64
		Debug|x86 = Debug|x86
		Release|x64 = Release|x64
		Release|x86 = Release|x86
	EndGlobalSection
	GlobalSection(ProjectConfigurationPlatforms) = postSolution
		{9F254FA6-0335-4216-A743-E9D7187660FC}.Debug|x64.ActiveCfg = Debug|x64
		{9F254FA6-0335-4216-A743-E9D7187660FC}.Debug|x64.Build.0 = Debug|x64
		{9F254FA6-0335-4216-A743-E9D7187660FC}.Debug|x86.ActiveCfg = Debug|Win32
		{9F254FA6-0335-4216-A743-E9D7187660FC}.Debug|x86.Build.0 = Debug|Win32
		{9F254FA6-0335-4216-A743-E9D7187660FC}.Release|x64.ActiveCfg = Release|x64
		{9F254FA6-0335-4216-A743-E9D7187660FC}.Release|x64.Build.0 = Release|x64
		{9F254FA6-0335-4216-A743-E9D7187660FC}.Release|x86.ActiveCfg = Release|Win32
		{9F254FA6-0335-4216-A743-E9D7187660FC}.Release|x86.Build.0 = Release|Win32
	EndGlobalSection
	GlobalSection(SolutionProperties) = preSolution
		HideSolutionNode = FALSE
	EndGlobalSection
	GlobalSection(ExtensibilityGlobals) = postSolution
		SolutionGuid = {6AF3335D-AE44-4A5C-AF75-FF8268DF4951}
	EndGlobalSection
EndGlobal
